
Microsoft Visual Studio Solution File, Format Version 12.00
# Visual Studio Version 17
VisualStudioVersion = 17.0.31903.59
MinimumVisualStudioVersion = 10.0.40219.1
Project("{FAE04EC0-301F-11D3-BF4B-00C04F79EFBC}") = "inzynierka", "inzynierka\inzynierka.csproj", "{79B6280A-BCE2-483D-8A36-D5E83302E1CC}"
EndProject
Project("{FAE04EC0-301F-11D3-BF4B-00C04F79EFBC}") = "inzynierka.IntegrationTests", "inzynierka.IntegrationTests\inzynierka.IntegrationTests.csproj", "{7C9F02C6-5DBE-478A-BD3B-A3AFA6B9E014}"
EndProject
Project("{FAE04EC0-301F-11D3-BF4B-00C04F79EFBC}") = "inzynierka.Tests", "inzynierka.Tests\inzynierka.Tests.csproj", "{808A5360-5F30-4E4D-9F39-BA82AEC73A5A}"
EndProject
Global
	GlobalSection(SolutionConfigurationPlatforms) = preSolution
		Debug|Any CPU = Debug|Any CPU
		Release|Any CPU = Release|Any CPU
	EndGlobalSection
	GlobalSection(SolutionProperties) = preSolution
		HideSolutionNode = FALSE
	EndGlobalSection
	GlobalSection(ProjectConfigurationPlatforms) = postSolution
		{79B6280A-BCE2-483D-8A36-D5E83302E1CC}.Debug|Any CPU.ActiveCfg = Debug|Any CPU
		{79B6280A-BCE2-483D-8A36-D5E83302E1CC}.Debug|Any CPU.Build.0 = Debug|Any CPU
		{79B6280A-BCE2-483D-8A36-D5E83302E1CC}.Release|Any CPU.ActiveCfg = Release|Any CPU
		{79B6280A-BCE2-483D-8A36-D5E83302E1CC}.Release|Any CPU.Build.0 = Release|Any CPU
		{7C9F02C6-5DBE-478A-BD3B-A3AFA6B9E014}.Debug|Any CPU.ActiveCfg = Debug|Any CPU
		{7C9F02C6-5DBE-478A-BD3B-A3AFA6B9E014}.Debug|Any CPU.Build.0 = Debug|Any CPU
		{7C9F02C6-5DBE-478A-BD3B-A3AFA6B9E014}.Release|Any CPU.ActiveCfg = Release|Any CPU
		{7C9F02C6-5DBE-478A-BD3B-A3AFA6B9E014}.Release|Any CPU.Build.0 = Release|Any CPU
		{808A5360-5F30-4E4D-9F39-BA82AEC73A5A}.Debug|Any CPU.ActiveCfg = Debug|Any CPU
		{808A5360-5F30-4E4D-9F39-BA82AEC73A5A}.Debug|Any CPU.Build.0 = Debug|Any CPU
		{808A5360-5F30-4E4D-9F39-BA82AEC73A5A}.Release|Any CPU.ActiveCfg = Release|Any CPU
		{808A5360-5F30-4E4D-9F39-BA82AEC73A5A}.Release|Any CPU.Build.0 = Release|Any CPU
	EndGlobalSection
EndGlobal
